
Microsoft Visual Studio Solution File, Format Version 12.00
# Visual Studio Version 16
VisualStudioVersion = 16.0.30907.101
MinimumVisualStudioVersion = 10.0.40219.1
Project("{FAE04EC0-301F-11D3-BF4B-00C04F79EFBC}") = "ColossusFileManager.WebApi", "ColossusFileManager.WebApi\ColossusFileManager.WebApi.csproj", "{52170580-3D1F-4888-9CF4-72F60A125E0F}"
EndProject
Project("{FAE04EC0-301F-11D3-BF4B-00C04F79EFBC}") = "ColossusFileManager.Shared", "ColossusFileManager.Shared\ColossusFileManager.Shared.csproj", "{2A7C25F0-E00D-4A48-B4A7-E6B75B6EE942}"
EndProject
Project("{FAE04EC0-301F-11D3-BF4B-00C04F79EFBC}") = "ColossusFileManager.Tests", "ColossusFileManager.Tests\ColossusFileManager.Tests.csproj", "{1B638B3C-67FC-4231-AFE3-287A5F0D8749}"
EndProject
Global
	GlobalSection(SolutionConfigurationPlatforms) = preSolution
		Debug|Any CPU = Debug|Any CPU
		Release|Any CPU = Release|Any CPU
	EndGlobalSection
	GlobalSection(ProjectConfigurationPlatforms) = postSolution
		{52170580-3D1F-4888-9CF4-72F60A125E0F}.Debug|Any CPU.ActiveCfg = Debug|Any CPU
		{52170580-3D1F-4888-9CF4-72F60A125E0F}.Debug|Any CPU.Build.0 = Debug|Any CPU
		{52170580-3D1F-4888-9CF4-72F60A125E0F}.Release|Any CPU.ActiveCfg = Release|Any CPU
		{52170580-3D1F-4888-9CF4-72F60A125E0F}.Release|Any CPU.Build.0 = Release|Any CPU
		{2A7C25F0-E00D-4A48-B4A7-E6B75B6EE942}.Debug|Any CPU.ActiveCfg = Debug|Any CPU
		{2A7C25F0-E00D-4A48-B4A7-E6B75B6EE942}.Debug|Any CPU.Build.0 = Debug|Any CPU
		{2A7C25F0-E00D-4A48-B4A7-E6B75B6EE942}.Release|Any CPU.ActiveCfg = Release|Any CPU
		{2A7C25F0-E00D-4A48-B4A7-E6B75B6EE942}.Release|Any CPU.Build.0 = Release|Any CPU
		{1B638B3C-67FC-4231-AFE3-287A5F0D8749}.Debug|Any CPU.ActiveCfg = Debug|Any CPU
		{1B638B3C-67FC-4231-AFE3-287A5F0D8749}.Debug|Any CPU.Build.0 = Debug|Any CPU
		{1B638B3C-67FC-4231-AFE3-287A5F0D8749}.Release|Any CPU.ActiveCfg = Release|Any CPU
		{1B638B3C-67FC-4231-AFE3-287A5F0D8749}.Release|Any CPU.Build.0 = Release|Any CPU
	EndGlobalSection
	GlobalSection(SolutionProperties) = preSolution
		HideSolutionNode = FALSE
	EndGlobalSection
	GlobalSection(ExtensibilityGlobals) = postSolution
		SolutionGuid = {2E66A2F7-C454-4983-B7E9-4B02FE2F1E23}
	EndGlobalSection
EndGlobal
